
Microsoft Visual Studio Solution File, Format Version 12.00
# Visual Studio Version 17
VisualStudioVersion = 17.5.001.0
MinimumVisualStudioVersion = 10.0.40219.1
Project("{9A19103F-16F7-4668-BE54-9A1E7A4F7556}") = "Jorneymate-WEB", "Jorneymate-WEB.csproj", "{00652FE2-0AC3-4117-B565-763031E46118}"
EndProject
Global
	GlobalSection(SolutionConfigurationPlatforms) = preSolution
		Debug|Any CPU = Debug|Any CPU
		Release|Any CPU = Release|Any CPU
	EndGlobalSection
	GlobalSection(ProjectConfigurationPlatforms) = postSolution
		{00652FE2-0AC3-4117-B565-763031E46118}.Debug|Any CPU.ActiveCfg = Debug|Any CPU
		{00652FE2-0AC3-4117-B565-763031E46118}.Debug|Any CPU.Build.0 = Debug|Any CPU
		{00652FE2-0AC3-4117-B565-763031E46118}.Release|Any CPU.ActiveCfg = Release|Any CPU
		{00652FE2-0AC3-4117-B565-763031E46118}.Release|Any CPU.Build.0 = Release|Any CPU
	EndGlobalSection
	GlobalSection(SolutionProperties) = preSolution
		HideSolutionNode = FALSE
	EndGlobalSection
	GlobalSection(ExtensibilityGlobals) = postSolution
		SolutionGuid = {FC8E047D-AA00-4533-BDBB-303367CE945F}
	EndGlobalSection
EndGlobal
